// !$*UTF8*$!
{
	archiveVersion = 1;
	classes = {
	};
	objectVersion = 60;
	objects = {

/* Begin PBXBuildFile section */
		520910C22B20B12D002AFEBD /* test3App.swift in Sources */ = {isa = PBXBuildFile; fileRef = 520910C12B20B12D002AFEBD /* test3App.swift */; };
		520910C42B20B12D002AFEBD /* ContentView.swift in Sources */ = {isa = PBXBuildFile; fileRef = 520910C32B20B12D002AFEBD /* ContentView.swift */; };
		520910C62B20B12D002AFEBD /* Item.swift in Sources */ = {isa = PBXBuildFile; fileRef = 520910C52B20B12D002AFEBD /* Item.swift */; };
		520910C82B20B12E002AFEBD /* Assets.xcassets in Resources */ = {isa = PBXBuildFile; fileRef = 520910C72B20B12E002AFEBD /* Assets.xcassets */; };
		520910CB2B20B12E002AFEBD /* Preview Assets.xcassets in Resources */ = {isa = PBXBuildFile; fileRef = 520910CA2B20B12E002AFEBD /* Preview Assets.xcassets */; };
		520910D52B20B12E002AFEBD /* test3Tests.swift in Sources */ = {isa = PBXBuildFile; fileRef = 520910D42B20B12E002AFEBD /* test3Tests.swift */; };
		520910DF2B20B12E002AFEBD /* test3UITests.swift in Sources */ = {isa = PBXBuildFile; fileRef = 520910DE2B20B12E002AFEBD /* test3UITests.swift */; };
		520910E12B20B12E002AFEBD /* test3UITestsLaunchTests.swift in Sources */ = {isa = PBXBuildFile; fileRef = 520910E02B20B12E002AFEBD /* test3UITestsLaunchTests.swift */; };
/* End PBXBuildFile section */

/* Begin PBXContainerItemProxy section */
		520910D12B20B12E002AFEBD /* PBXContainerItemProxy */ = {
			isa = PBXContainerItemProxy;
			containerPortal = 520910B62B20B12D002AFEBD /* Project object */;
			proxyType = 1;
			remoteGlobalIDString = 520910BD2B20B12D002AFEBD;
			remoteInfo = test3;
		};
		520910DB2B20B12E002AFEBD /* PBXContainerItemProxy */ = {
			isa = PBXContainerItemProxy;
			containerPortal = 520910B62B20B12D002AFEBD /* Project object */;
			proxyType = 1;
			remoteGlobalIDString = 520910BD2B20B12D002AFEBD;
			remoteInfo = test3;
		};
/* End PBXContainerItemProxy section */

/* Begin PBXFileReference section */
		520910BE2B20B12D002AFEBD /* test3.app */ = {isa = PBXFileReference; explicitFileType = wrapper.application; includeInIndex = 0; path = test3.app; sourceTree = BUILT_PRODUCTS_DIR; };
		520910C12B20B12D002AFEBD /* test3App.swift */ = {isa = PBXFileReference; lastKnownFileType = sourcecode.swift; path = test3App.swift; sourceTree = "<group>"; };
		520910C32B20B12D002AFEBD /* ContentView.swift */ = {isa = PBXFileReference; lastKnownFileType = sourcecode.swift; path = ContentView.swift; sourceTree = "<group>"; };
		520910C52B20B12D002AFEBD /* Item.swift */ = {isa = PBXFileReference; lastKnownFileType = sourcecode.swift; path = Item.swift; sourceTree = "<group>"; };
		520910C72B20B12E002AFEBD /* Assets.xcassets */ = {isa = PBXFileReference; lastKnownFileType = folder.assetcatalog; path = Assets.xcassets; sourceTree = "<group>"; };
		520910CA2B20B12E002AFEBD /* Preview Assets.xcassets */ = {isa = PBXFileReference; lastKnownFileType = folder.assetcatalog; path = "Preview Assets.xcassets"; sourceTree = "<group>"; };
		520910D02B20B12E002AFEBD /* test3Tests.xctest */ = {isa = PBXFileReference; explicitFileType = wrapper.cfbundle; includeInIndex = 0; path = test3Tests.xctest; sourceTree = BUILT_PRODUCTS_DIR; };
		520910D42B20B12E002AFEBD /* test3Tests.swift */ = {isa = PBXFileReference; lastKnownFileType = sourcecode.swift; path = test3Tests.swift; sourceTree = "<group>"; };
		520910DA2B20B12E002AFEBD /* test3UITests.xctest */ = {isa = PBXFileReference; explicitFileType = wrapper.cfbundle; includeInIndex = 0; path = test3UITests.xctest; sourceTree = BUILT_PRODUCTS_DIR; };
		520910DE2B20B12E002AFEBD /* test3UITests.swift */ = {isa = PBXFileReference; lastKnownFileType = sourcecode.swift; path = test3UITests.swift; sourceTree = "<group>"; };
		520910E02B20B12E002AFEBD /* test3UITestsLaunchTests.swift */ = {isa = PBXFileReference; lastKnownFileType = sourcecode.swift; path = test3UITestsLaunchTests.swift; sourceTree = "<group>"; };
/* End PBXFileReference section */

/* Begin PBXFrameworksBuildPhase section */
		520910BB2B20B12D002AFEBD /* Frameworks */ = {
			isa = PBXFrameworksBuildPhase;
			buildActionMask = 2147483647;
			files = (
			);
			runOnlyForDeploymentPostprocessing = 0;
		};
		520910CD2B20B12E002AFEBD /* Frameworks */ = {
			isa = PBXFrameworksBuildPhase;
			buildActionMask = 2147483647;
			files = (
			);
			runOnlyForDeploymentPostprocessing = 0;
		};
		520910D72B20B12E002AFEBD /* Frameworks */ = {
			isa = PBXFrameworksBuildPhase;
			buildActionMask = 2147483647;
			files = (
			);
			runOnlyForDeploymentPostprocessing = 0;
		};
/* End PBXFrameworksBuildPhase section */

/* Begin PBXGroup section */
		520910B52B20B12D002AFEBD = {
			isa = PBXGroup;
			children = (
				520910C02B20B12D002AFEBD /* test3 */,
				520910D32B20B12E002AFEBD /* test3Tests */,
				520910DD2B20B12E002AFEBD /* test3UITests */,
				520910BF2B20B12D002AFEBD /* Products */,
			);
			sourceTree = "<group>";
		};
		520910BF2B20B12D002AFEBD /* Products */ = {
			isa = PBXGroup;
			children = (
				520910BE2B20B12D002AFEBD /* test3.app */,
				520910D02B20B12E002AFEBD /* test3Tests.xctest */,
				520910DA2B20B12E002AFEBD /* test3UITests.xctest */,
			);
			name = Products;
			sourceTree = "<group>";
		};
		520910C02B20B12D002AFEBD /* test3 */ = {
			isa = PBXGroup;
			children = (
				520910C12B20B12D002AFEBD /* test3App.swift */,
				520910C32B20B12D002AFEBD /* ContentView.swift */,
				520910C52B20B12D002AFEBD /* Item.swift */,
				520910C72B20B12E002AFEBD /* Assets.xcassets */,
				520910C92B20B12E002AFEBD /* Preview Content */,
			);
			path = test3;
			sourceTree = "<group>";
		};
		520910C92B20B12E002AFEBD /* Preview Content */ = {
			isa = PBXGroup;
			children = (
				520910CA2B20B12E002AFEBD /* Preview Assets.xcassets */,
			);
			path = "Preview Content";
			sourceTree = "<group>";
		};
		520910D32B20B12E002AFEBD /* test3Tests */ = {
			isa = PBXGroup;
			children = (
				520910D42B20B12E002AFEBD /* test3Tests.swift */,
			);
			path = test3Tests;
			sourceTree = "<group>";
		};
		520910DD2B20B12E002AFEBD /* test3UITests */ = {
			isa = PBXGroup;
			children = (
				520910DE2B20B12E002AFEBD /* test3UITests.swift */,
				520910E02B20B12E002AFEBD /* test3UITestsLaunchTests.swift */,
			);
			path = test3UITests;
			sourceTree = "<group>";
		};
/* End PBXGroup section */

/* Begin PBXNativeTarget section */
		520910BD2B20B12D002AFEBD /* test3 */ = {
			isa = PBXNativeTarget;
			buildConfigurationList = 520910E42B20B12E002AFEBD /* Build configuration list for PBXNativeTarget "test3" */;
			buildPhases = (
				520910BA2B20B12D002AFEBD /* Sources */,
				520910BB2B20B12D002AFEBD /* Frameworks */,
				520910BC2B20B12D002AFEBD /* Resources */,
			);
			buildRules = (
			);
			dependencies = (
			);
			name = test3;
			productName = test3;
			productReference = 520910BE2B20B12D002AFEBD /* test3.app */;
			productType = "com.apple.product-type.application";
		};
		520910CF2B20B12E002AFEBD /* test3Tests */ = {
			isa = PBXNativeTarget;
			buildConfigurationList = 520910E72B20B12E002AFEBD /* Build configuration list for PBXNativeTarget "test3Tests" */;
			buildPhases = (
				520910CC2B20B12E002AFEBD /* Sources */,
				520910CD2B20B12E002AFEBD /* Frameworks */,
				520910CE2B20B12E002AFEBD /* Resources */,
			);
			buildRules = (
			);
			dependencies = (
				520910D22B20B12E002AFEBD /* PBXTargetDependency */,
			);
			name = test3Tests;
			productName = test3Tests;
			productReference = 520910D02B20B12E002AFEBD /* test3Tests.xctest */;
			productType = "com.apple.product-type.bundle.unit-test";
		};
		520910D92B20B12E002AFEBD /* test3UITests */ = {
			isa = PBXNativeTarget;
			buildConfigurationList = 520910EA2B20B12E002AFEBD /* Build configuration list for PBXNativeTarget "test3UITests" */;
			buildPhases = (
				520910D62B20B12E002AFEBD /* Sources */,
				520910D72B20B12E002AFEBD /* Frameworks */,
				520910D82B20B12E002AFEBD /* Resources */,
			);
			buildRules = (
			);
			dependencies = (
				520910DC2B20B12E002AFEBD /* PBXTargetDependency */,
			);
			name = test3UITests;
			productName = test3UITests;
			productReference = 520910DA2B20B12E002AFEBD /* test3UITests.xctest */;
			productType = "com.apple.product-type.bundle.ui-testing";
		};
/* End PBXNativeTarget section */

/* Begin PBXProject section */
		520910B62B20B12D002AFEBD /* Project object */ = {
			isa = PBXProject;
			attributes = {
				BuildIndependentTargetsInParallel = 1;
				LastSwiftUpdateCheck = 1500;
				LastUpgradeCheck = 1500;
				TargetAttributes = {
					520910BD2B20B12D002AFEBD = {
						CreatedOnToolsVersion = 15.0.1;
					};
					520910CF2B20B12E002AFEBD = {
						CreatedOnToolsVersion = 15.0.1;
						TestTargetID = 520910BD2B20B12D002AFEBD;
					};
					520910D92B20B12E002AFEBD = {
						CreatedOnToolsVersion = 15.0.1;
						TestTargetID = 520910BD2B20B12D002AFEBD;
					};
				};
			};
			buildConfigurationList = 520910B92B20B12D002AFEBD /* Build configuration list for PBXProject "test3" */;
			compatibilityVersion = "Xcode 15.0";
			developmentRegion = en;
			hasScannedForEncodings = 0;
			knownRegions = (
				en,
				Base,
			);
			mainGroup = 520910B52B20B12D002AFEBD;
			productRefGroup = 520910BF2B20B12D002AFEBD /* Products */;
			projectDirPath = "";
			projectRoot = "";
			targets = (
				520910BD2B20B12D002AFEBD /* test3 */,
				520910CF2B20B12E002AFEBD /* test3Tests */,
				520910D92B20B12E002AFEBD /* test3UITests */,
			);
		};
/* End PBXProject section */

/* Begin PBXResourcesBuildPhase section */
		520910BC2B20B12D002AFEBD /* Resources */ = {
			isa = PBXResourcesBuildPhase;
			buildActionMask = 2147483647;
			files = (
				520910CB2B20B12E002AFEBD /* Preview Assets.xcassets in Resources */,
				520910C82B20B12E002AFEBD /* Assets.xcassets in Resources */,
			);
			runOnlyForDeploymentPostprocessing = 0;
		};
		520910CE2B20B12E002AFEBD /* Resources */ = {
			isa = PBXResourcesBuildPhase;
			buildActionMask = 2147483647;
			files = (
			);
			runOnlyForDeploymentPostprocessing = 0;
		};
		520910D82B20B12E002AFEBD /* Resources */ = {
			isa = PBXResourcesBuildPhase;
			buildActionMask = 2147483647;
			files = (
			);
			runOnlyForDeploymentPostprocessing = 0;
		};
/* End PBXResourcesBuildPhase section */

/* Begin PBXSourcesBuildPhase section */
		520910BA2B20B12D002AFEBD /* Sources */ = {
			isa = PBXSourcesBuildPhase;
			buildActionMask = 2147483647;
			files = (
				520910C42B20B12D002AFEBD /* ContentView.swift in Sources */,
				520910C62B20B12D002AFEBD /* Item.swift in Sources */,
				520910C22B20B12D002AFEBD /* test3App.swift in Sources */,
			);
			runOnlyForDeploymentPostprocessing = 0;
		};
		520910CC2B20B12E002AFEBD /* Sources */ = {
			isa = PBXSourcesBuildPhase;
			buildActionMask = 2147483647;
			files = (
				520910D52B20B12E002AFEBD /* test3Tests.swift in Sources */,
			);
			runOnlyForDeploymentPostprocessing = 0;
		};
		520910D62B20B12E002AFEBD /* Sources */ = {
			isa = PBXSourcesBuildPhase;
			buildActionMask = 2147483647;
			files = (
				520910E12B20B12E002AFEBD /* test3UITestsLaunchTests.swift in Sources */,
				520910DF2B20B12E002AFEBD /* test3UITests.swift in Sources */,
			);
			runOnlyForDeploymentPostprocessing = 0;
		};
/* End PBXSourcesBuildPhase section */

/* Begin PBXTargetDependency section */
		520910D22B20B12E002AFEBD /* PBXTargetDependency */ = {
			isa = PBXTargetDependency;
			target = 520910BD2B20B12D002AFEBD /* test3 */;
			targetProxy = 520910D12B20B12E002AFEBD /* PBXContainerItemProxy */;
		};
		520910DC2B20B12E002AFEBD /* PBXTargetDependency */ = {
			isa = PBXTargetDependency;
			target = 520910BD2B20B12D002AFEBD /* test3 */;
			targetProxy = 520910DB2B20B12E002AFEBD /* PBXContainerItemProxy */;
		};
/* End PBXTargetDependency section */

/* Begin XCBuildConfiguration section */
		520910E22B20B12E002AFEBD /* Debug */ = {
			isa = XCBuildConfiguration;
			buildSettings = {
				ALWAYS_SEARCH_USER_PATHS = NO;
				ASSETCATALOG_COMPILER_GENERATE_SWIFT_ASSET_SYMBOL_EXTENSIONS = YES;
				CLANG_ANALYZER_NONNULL = YES;
				CLANG_ANALYZER_NUMBER_OBJECT_CONVERSION = YES_AGGRESSIVE;
				CLANG_CXX_LANGUAGE_STANDARD = "gnu++20";
				CLANG_ENABLE_MODULES = YES;
				CLANG_ENABLE_OBJC_ARC = YES;
				CLANG_ENABLE_OBJC_WEAK = YES;
				CLANG_WARN_BLOCK_CAPTURE_AUTORELEASING = YES;
				CLANG_WARN_BOOL_CONVERSION = YES;
				CLANG_WARN_COMMA = YES;
				CLANG_WARN_CONSTANT_CONVERSION = YES;
				CLANG_WARN_DEPRECATED_OBJC_IMPLEMENTATIONS = YES;
				CLANG_WARN_DIRECT_OBJC_ISA_USAGE = YES_ERROR;
				CLANG_WARN_DOCUMENTATION_COMMENTS = YES;
				CLANG_WARN_EMPTY_BODY = YES;
				CLANG_WARN_ENUM_CONVERSION = YES;
				CLANG_WARN_INFINITE_RECURSION = YES;
				CLANG_WARN_INT_CONVERSION = YES;
				CLANG_WARN_NON_LITERAL_NULL_CONVERSION = YES;
				CLANG_WARN_OBJC_IMPLICIT_RETAIN_SELF = YES;
				CLANG_WARN_OBJC_LITERAL_CONVERSION = YES;
				CLANG_WARN_OBJC_ROOT_CLASS = YES_ERROR;
				CLANG_WARN_QUOTED_INCLUDE_IN_FRAMEWORK_HEADER = YES;
				CLANG_WARN_RANGE_LOOP_ANALYSIS = YES;
				CLANG_WARN_STRICT_PROTOTYPES = YES;
				CLANG_WARN_SUSPICIOUS_MOVE = YES;
				CLANG_WARN_UNGUARDED_AVAILABILITY = YES_AGGRESSIVE;
				CLANG_WARN_UNREACHABLE_CODE = YES;
				CLANG_WARN__DUPLICATE_METHOD_MATCH = YES;
				COPY_PHASE_STRIP = NO;
				DEBUG_INFORMATION_FORMAT = dwarf;
				ENABLE_STRICT_OBJC_MSGSEND = YES;
				ENABLE_TESTABILITY = YES;
				ENABLE_USER_SCRIPT_SANDBOXING = YES;
				GCC_C_LANGUAGE_STANDARD = gnu17;
				GCC_DYNAMIC_NO_PIC = NO;
				GCC_NO_COMMON_BLOCKS = YES;
				GCC_OPTIMIZATION_LEVEL = 0;
				GCC_PREPROCESSOR_DEFINITIONS = (
					"DEBUG=1",
					"$(inherited)",
				);
				GCC_WARN_64_TO_32_BIT_CONVERSION = YES;
				GCC_WARN_ABOUT_RETURN_TYPE = YES_ERROR;
				GCC_WARN_UNDECLARED_SELECTOR = YES;
				GCC_WARN_UNINITIALIZED_AUTOS = YES_AGGRESSIVE;
				GCC_WARN_UNUSED_FUNCTION = YES;
				GCC_WARN_UNUSED_VARIABLE = YES;
				IPHONEOS_DEPLOYMENT_TARGET = 17.0;
				LOCALIZATION_PREFERS_STRING_CATALOGS = YES;
				MTL_ENABLE_DEBUG_INFO = INCLUDE_SOURCE;
				MTL_FAST_MATH = YES;
				ONLY_ACTIVE_ARCH = YES;
				SDKROOT = iphoneos;
				SWIFT_ACTIVE_COMPILATION_CONDITIONS = "DEBUG $(inherited)";
				SWIFT_OPTIMIZATION_LEVEL = "-Onone";
			};
			name = Debug;
		};
		520910E32B20B12E002AFEBD /* Release */ = {
			isa = XCBuildConfiguration;
			buildSettings = {
				ALWAYS_SEARCH_USER_PATHS = NO;
				ASSETCATALOG_COMPILER_GENERATE_SWIFT_ASSET_SYMBOL_EXTENSIONS = YES;
				CLANG_ANALYZER_NONNULL = YES;
				CLANG_ANALYZER_NUMBER_OBJECT_CONVERSION = YES_AGGRESSIVE;
				CLANG_CXX_LANGUAGE_STANDARD = "gnu++20";
				CLANG_ENABLE_MODULES = YES;
				CLANG_ENABLE_OBJC_ARC = YES;
				CLANG_ENABLE_OBJC_WEAK = YES;
				CLANG_WARN_BLOCK_CAPTURE_AUTORELEASING = YES;
				CLANG_WARN_BOOL_CONVERSION = YES;
				CLANG_WARN_COMMA = YES;
				CLANG_WARN_CONSTANT_CONVERSION = YES;
				CLANG_WARN_DEPRECATED_OBJC_IMPLEMENTATIONS = YES;
				CLANG_WARN_DIRECT_OBJC_ISA_USAGE = YES_ERROR;
				CLANG_WARN_DOCUMENTATION_COMMENTS = YES;
				CLANG_WARN_EMPTY_BODY = YES;
				CLANG_WARN_ENUM_CONVERSION = YES;
				CLANG_WARN_INFINITE_RECURSION = YES;
				CLANG_WARN_INT_CONVERSION = YES;
				CLANG_WARN_NON_LITERAL_NULL_CONVERSION = YES;
				CLANG_WARN_OBJC_IMPLICIT_RETAIN_SELF = YES;
				CLANG_WARN_OBJC_LITERAL_CONVERSION = YES;
				CLANG_WARN_OBJC_ROOT_CLASS = YES_ERROR;
				CLANG_WARN_QUOTED_INCLUDE_IN_FRAMEWORK_HEADER = YES;
				CLANG_WARN_RANGE_LOOP_ANALYSIS = YES;
				CLANG_WARN_STRICT_PROTOTYPES = YES;
				CLANG_WARN_SUSPICIOUS_MOVE = YES;
				CLANG_WARN_UNGUARDED_AVAILABILITY = YES_AGGRESSIVE;
				CLANG_WARN_UNREACHABLE_CODE = YES;
				CLANG_WARN__DUPLICATE_METHOD_MATCH = YES;
				COPY_PHASE_STRIP = NO;
				DEBUG_INFORMATION_FORMAT = "dwarf-with-dsym";
				ENABLE_NS_ASSERTIONS = NO;
				ENABLE_STRICT_OBJC_MSGSEND = YES;
				ENABLE_USER_SCRIPT_SANDBOXING = YES;
				GCC_C_LANGUAGE_STANDARD = gnu17;
				GCC_NO_COMMON_BLOCKS = YES;
				GCC_WARN_64_TO_32_BIT_CONVERSION = YES;
				GCC_WARN_ABOUT_RETURN_TYPE = YES_ERROR;
				GCC_WARN_UNDECLARED_SELECTOR = YES;
				GCC_WARN_UNINITIALIZED_AUTOS = YES_AGGRESSIVE;
				GCC_WARN_UNUSED_FUNCTION = YES;
				GCC_WARN_UNUSED_VARIABLE = YES;
				IPHONEOS_DEPLOYMENT_TARGET = 17.0;
				LOCALIZATION_PREFERS_STRING_CATALOGS = YES;
				MTL_ENABLE_DEBUG_INFO = NO;
				MTL_FAST_MATH = YES;
				SDKROOT = iphoneos;
				SWIFT_COMPILATION_MODE = wholemodule;
				VALIDATE_PRODUCT = YES;
			};
			name = Release;
		};
		520910E52B20B12E002AFEBD /* Debug */ = {
			isa = XCBuildConfiguration;
			buildSettings = {
				ASSETCATALOG_COMPILER_APPICON_NAME = AppIcon;
				ASSETCATALOG_COMPILER_GLOBAL_ACCENT_COLOR_NAME = AccentColor;
				CODE_SIGN_STYLE = Automatic;
				CURRENT_PROJECT_VERSION = 1;
				DEVELOPMENT_ASSET_PATHS = "\"test3/Preview Content\"";
				DEVELOPMENT_TEAM = 64KDUQCYEB;
				ENABLE_PREVIEWS = YES;
				GENERATE_INFOPLIST_FILE = YES;
				INFOPLIST_KEY_UIApplicationSceneManifest_Generation = YES;
				INFOPLIST_KEY_UIApplicationSupportsIndirectInputEvents = YES;
				INFOPLIST_KEY_UILaunchScreen_Generation = YES;
				INFOPLIST_KEY_UISupportedInterfaceOrientations_iPad = "UIInterfaceOrientationPortrait UIInterfaceOrientationPortraitUpsideDown UIInterfaceOrientationLandscapeLeft UIInterfaceOrientationLandscapeRight";
				INFOPLIST_KEY_UISupportedInterfaceOrientations_iPhone = "UIInterfaceOrientationPortrait UIInterfaceOrientationLandscapeLeft UIInterfaceOrientationLandscapeRight";
				LD_RUNPATH_SEARCH_PATHS = (
					"$(inherited)",
					"@executable_path/Frameworks",
				);
				MARKETING_VERSION = 1.0;
				PRODUCT_BUNDLE_IDENTIFIER = wy.test3;
				PRODUCT_NAME = "$(TARGET_NAME)";
				SUPPORTED_PLATFORMS = "iphoneos iphonesimulator";
				SUPPORTS_MACCATALYST = NO;
				SUPPORTS_MAC_DESIGNED_FOR_IPHONE_IPAD = NO;
				SWIFT_EMIT_LOC_STRINGS = YES;
				SWIFT_VERSION = 5.0;
				TARGETED_DEVICE_FAMILY = 1;
			};
			name = Debug;
		};
		520910E62B20B12E002AFEBD /* Release */ = {
			isa = XCBuildConfiguration;
			buildSettings = {
				ASSETCATALOG_COMPILER_APPICON_NAME = AppIcon;
				ASSETCATALOG_COMPILER_GLOBAL_ACCENT_COLOR_NAME = AccentColor;
				CODE_SIGN_STYLE = Automatic;
				CURRENT_PROJECT_VERSION = 1;
				DEVELOPMENT_ASSET_PATHS = "\"test3/Preview Content\"";
				DEVELOPMENT_TEAM = 64KDUQCYEB;
				ENABLE_PREVIEWS = YES;
				GENERATE_INFOPLIST_FILE = YES;
				INFOPLIST_KEY_UIApplicationSceneManifest_Generation = YES;
				INFOPLIST_KEY_UIApplicationSupportsIndirectInputEvents = YES;
				INFOPLIST_KEY_UILaunchScreen_Generation = YES;
				INFOPLIST_KEY_UISupportedInterfaceOrientations_iPad = "UIInterfaceOrientationPortrait UIInterfaceOrientationPortraitUpsideDown UIInterfaceOrientationLandscapeLeft UIInterfaceOrientationLandscapeRight";
				INFOPLIST_KEY_UISupportedInterfaceOrientations_iPhone = "UIInterfaceOrientationPortrait UIInterfaceOrientationLandscapeLeft UIInterfaceOrientationLandscapeRight";
				LD_RUNPATH_SEARCH_PATHS = (
					"$(inherited)",
					"@executable_path/Frameworks",
				);
				MARKETING_VERSION = 1.0;
				PRODUCT_BUNDLE_IDENTIFIER = wy.test3;
				PRODUCT_NAME = "$(TARGET_NAME)";
				SUPPORTED_PLATFORMS = "iphoneos iphonesimulator";
				SUPPORTS_MACCATALYST = NO;
				SUPPORTS_MAC_DESIGNED_FOR_IPHONE_IPAD = NO;
				SWIFT_EMIT_LOC_STRINGS = YES;
				SWIFT_VERSION = 5.0;
				TARGETED_DEVICE_FAMILY = 1;
			};
			name = Release;
		};
		520910E82B20B12E002AFEBD /* Debug */ = {
			isa = XCBuildConfiguration;
			buildSettings = {
				ALWAYS_EMBED_SWIFT_STANDARD_LIBRARIES = YES;
				BUNDLE_LOADER = "$(TEST_HOST)";
				CODE_SIGN_STYLE = Automatic;
				CURRENT_PROJECT_VERSION = 1;
				DEVELOPMENT_TEAM = 64KDUQCYEB;
				GENERATE_INFOPLIST_FILE = YES;
				IPHONEOS_DEPLOYMENT_TARGET = 17.0;
				MARKETING_VERSION = 1.0;
				PRODUCT_BUNDLE_IDENTIFIER = wy.test3Tests;
				PRODUCT_NAME = "$(TARGET_NAME)";
				SUPPORTED_PLATFORMS = "iphoneos iphonesimulator";
				SUPPORTS_MACCATALYST = NO;
				SUPPORTS_MAC_DESIGNED_FOR_IPHONE_IPAD = NO;
				SWIFT_EMIT_LOC_STRINGS = NO;
				SWIFT_VERSION = 5.0;
				TARGETED_DEVICE_FAMILY = 1;
				TEST_HOST = "$(BUILT_PRODUCTS_DIR)/test3.app/$(BUNDLE_EXECUTABLE_FOLDER_PATH)/test3";
			};
			name = Debug;
		};
		520910E92B20B12E002AFEBD /* Release */ = {
			isa = XCBuildConfiguration;
			buildSettings = {
				ALWAYS_EMBED_SWIFT_STANDARD_LIBRARIES = YES;
				BUNDLE_LOADER = "$(TEST_HOST)";
				CODE_SIGN_STYLE = Automatic;
				CURRENT_PROJECT_VERSION = 1;
				DEVELOPMENT_TEAM = 64KDUQCYEB;
				GENERATE_INFOPLIST_FILE = YES;
				IPHONEOS_DEPLOYMENT_TARGET = 17.0;
				MARKETING_VERSION = 1.0;
				PRODUCT_BUNDLE_IDENTIFIER = wy.test3Tests;
				PRODUCT_NAME = "$(TARGET_NAME)";
				SUPPORTED_PLATFORMS = "iphoneos iphonesimulator";
				SUPPORTS_MACCATALYST = NO;
				SUPPORTS_MAC_DESIGNED_FOR_IPHONE_IPAD = NO;
				SWIFT_EMIT_LOC_STRINGS = NO;
				SWIFT_VERSION = 5.0;
				TARGETED_DEVICE_FAMILY = 1;
				TEST_HOST = "$(BUILT_PRODUCTS_DIR)/test3.app/$(BUNDLE_EXECUTABLE_FOLDER_PATH)/test3";
			};
			name = Release;
		};
		520910EB2B20B12E002AFEBD /* Debug */ = {
			isa = XCBuildConfiguration;
			buildSettings = {
				ALWAYS_EMBED_SWIFT_STANDARD_LIBRARIES = YES;
				CODE_SIGN_STYLE = Automatic;
				CURRENT_PROJECT_VERSION = 1;
				DEVELOPMENT_TEAM = 64KDUQCYEB;
				GENERATE_INFOPLIST_FILE = YES;
				MARKETING_VERSION = 1.0;
				PRODUCT_BUNDLE_IDENTIFIER = wy.test3UITests;
				PRODUCT_NAME = "$(TARGET_NAME)";
				SUPPORTED_PLATFORMS = "iphoneos iphonesimulator";
				SUPPORTS_MACCATALYST = NO;
				SUPPORTS_MAC_DESIGNED_FOR_IPHONE_IPAD = NO;
				SWIFT_EMIT_LOC_STRINGS = NO;
				SWIFT_VERSION = 5.0;
				TARGETED_DEVICE_FAMILY = 1;
				TEST_TARGET_NAME = test3;
			};
			name = Debug;
		};
		520910EC2B20B12E002AFEBD /* Release */ = {
			isa = XCBuildConfiguration;
			buildSettings = {
				ALWAYS_EMBED_SWIFT_STANDARD_LIBRARIES = YES;
				CODE_SIGN_STYLE = Automatic;
				CURRENT_PROJECT_VERSION = 1;
				DEVELOPMENT_TEAM = 64KDUQCYEB;
				GENERATE_INFOPLIST_FILE = YES;
				MARKETING_VERSION = 1.0;
				PRODUCT_BUNDLE_IDENTIFIER = wy.test3UITests;
				PRODUCT_NAME = "$(TARGET_NAME)";
				SUPPORTED_PLATFORMS = "iphoneos iphonesimulator";
				SUPPORTS_MACCATALYST = NO;
				SUPPORTS_MAC_DESIGNED_FOR_IPHONE_IPAD = NO;
				SWIFT_EMIT_LOC_STRINGS = NO;
				SWIFT_VERSION = 5.0;
				TARGETED_DEVICE_FAMILY = 1;
				TEST_TARGET_NAME = test3;
			};
			name = Release;
		};
/* End XCBuildConfiguration section */

/* Begin XCConfigurationList section */
		520910B92B20B12D002AFEBD /* Build configuration list for PBXProject "test3" */ = {
			isa = XCConfigurationList;
			buildConfigurations = (
				520910E22B20B12E002AFEBD /* Debug */,
				520910E32B20B12E002AFEBD /* Release */,
			);
			defaultConfigurationIsVisible = 0;
			defaultConfigurationName = Release;
		};
		520910E42B20B12E002AFEBD /* Build configuration list for PBXNativeTarget "test3" */ = {
			isa = XCConfigurationList;
			buildConfigurations = (
				520910E52B20B12E002AFEBD /* Debug */,
				520910E62B20B12E002AFEBD /* Release */,
			);
			defaultConfigurationIsVisible = 0;
			defaultConfigurationName = Release;
		};
		520910E72B20B12E002AFEBD /* Build configuration list for PBXNativeTarget "test3Tests" */ = {
			isa = XCConfigurationList;
			buildConfigurations = (
				520910E82B20B12E002AFEBD /* Debug */,
				520910E92B20B12E002AFEBD /* Release */,
			);
			defaultConfigurationIsVisible = 0;
			defaultConfigurationName = Release;
		};
		520910EA2B20B12E002AFEBD /* Build configuration list for PBXNativeTarget "test3UITests" */ = {
			isa = XCConfigurationList;
			buildConfigurations = (
				520910EB2B20B12E002AFEBD /* Debug */,
				520910EC2B20B12E002AFEBD /* Release */,
			);
			defaultConfigurationIsVisible = 0;
			defaultConfigurationName = Release;
		};
/* End XCConfigurationList section */
	};
	rootObject = 520910B62B20B12D002AFEBD /* Project object */;
}
